
Microsoft Visual Studio Solution File, Format Version 12.00
# Visual Studio Version 17
VisualStudioVersion = 17.3.32819.101
MinimumVisualStudioVersion = 10.0.40219.1
Project("{888888A0-9F3D-457C-B088-3A5042F75D52}") = "Inflation", "Inflation\Inflation.pyproj", "{8BF86F49-AB5A-460F-B52C-72D4D245031F}"
EndProject
Global
	GlobalSection(SolutionConfigurationPlatforms) = preSolution
		Debug|Any CPU = Debug|Any CPU
		Release|Any CPU = Release|Any CPU
	EndGlobalSection
	GlobalSection(ProjectConfigurationPlatforms) = postSolution
		{8BF86F49-AB5A-460F-B52C-72D4D245031F}.Debug|Any CPU.ActiveCfg = Debug|Any CPU
		{8BF86F49-AB5A-460F-B52C-72D4D245031F}.Release|Any CPU.ActiveCfg = Release|Any CPU
	EndGlobalSection
	GlobalSection(SolutionProperties) = preSolution
		HideSolutionNode = FALSE
	EndGlobalSection
	GlobalSection(ExtensibilityGlobals) = postSolution
		SolutionGuid = {06156F37-5F13-4638-AC80-E43A82AB0ED7}
	EndGlobalSection
EndGlobal
